<?xml version="1.0" encoding="utf-8"?>
<Project xmlns="http://schemas.microsoft.com/developer/msbuild/2003">
  <ItemGroup>
    <Filter Include="Form Files">
      <UniqueIdentifier>{99349809-55BA-4b9d-BF79-8FDBB0286EB3}</UniqueIdentifier>
      <Extensions>ui</Extensions>
      <ParseFiles>false</ParseFiles>
    </Filter>
    <Filter Include="Form Files">
      <UniqueIdentifier>{99349809-55BA-4b9d-BF79-8FDBB0286EB3}</UniqueIdentifier>
      <Extensions>ui</Extensions>
      <ParseFiles>false</ParseFiles>
    </Filter>
    <Filter Include="Generated Files">
      <UniqueIdentifier>{71ED8ED8-ACB9-4CE9-BBE1-E00B30144E11}</UniqueIdentifier>
      <Extensions>cpp;c;cxx;moc;h;def;odl;idl;res;</Extensions>
    </Filter>
    <Filter Include="Generated Files">
      <UniqueIdentifier>{71ED8ED8-ACB9-4CE9-BBE1-E00B30144E11}</UniqueIdentifier>
      <Extensions>cpp;c;cxx;moc;h;def;odl;idl;res;</Extensions>
    </Filter>
    <Filter Include="Header Files">
      <UniqueIdentifier>{93995380-89BD-4b04-88EB-625FBE52EBFB}</UniqueIdentifier>
      <Extensions>h;hpp;hxx;hm;inl;inc;xsd</Extensions>
    </Filter>
    <Filter Include="Header Files">
      <UniqueIdentifier>{93995380-89BD-4b04-88EB-625FBE52EBFB}</UniqueIdentifier>
      <Extensions>h;hpp;hxx;hm;inl;inc;xsd</Extensions>
    </Filter>
    <Filter Include="Source Files">
      <UniqueIdentifier>{4FC737F1-C7A5-4376-A066-2A32D752A2FF}</UniqueIdentifier>
      <Extensions>cpp;c;cxx;def;odl;idl;hpj;bat;asm;asmx</Extensions>
    </Filter>
    <Filter Include="Source Files">
      <UniqueIdentifier>{4FC737F1-C7A5-4376-A066-2A32D752A2FF}</UniqueIdentifier>
      <Extensions>cpp;c;cxx;def;odl;idl;hpj;bat;asm;asmx</Extensions>
    </Filter>
  </ItemGroup>
  <ItemGroup>
    <ClCompile Include="ImageLabel.cpp">
      <Filter>Source Files</Filter>
    </ClCompile>
    <ClCompile Include="ageestimationengine.cpp">
      <Filter>Source Files</Filter>
    </ClCompile>
    <ClCompile Include="fdengine.cpp">
      <Filter>Source Files</Filter>
    </ClCompile>
    <ClCompile Include="frengine.cpp">
      <Filter>Source Files</Filter>
    </ClCompile>
    <ClCompile Include="ftengine.cpp">
      <Filter>Source Files</Filter>
    </ClCompile>
    <ClCompile Include="main.cpp">
      <Filter>Source Files</Filter>
    </ClCompile>
    <ClCompile Include="mainwindow.cpp">
      <Filter>Source Files</Filter>
    </ClCompile>
    <ClCompile Include="miscellaneous.cpp">
      <Filter>Source Files</Filter>
    </ClCompile>
  </ItemGroup>
  <ItemGroup>
    <QtMoc Include="ImageLabel.h">
      <Filter>Header Files</Filter>
    </QtMoc>
    <ClInclude Include="ageestimationengine.h">
      <Filter>Header Files</Filter>
    </ClInclude>
    <ClInclude Include="amcomdef.h">
      <Filter>Header Files</Filter>
    </ClInclude>
    <ClInclude Include="arcsoft_fsdk_age_estimation.h">
      <Filter>Header Files</Filter>
    </ClInclude>
    <ClInclude Include="arcsoft_fsdk_face_detection.h">
      <Filter>Header Files</Filter>
    </ClInclude>
    <ClInclude Include="arcsoft_fsdk_face_recognition.h">
      <Filter>Header Files</Filter>
    </ClInclude>
    <ClInclude Include="arcsoft_fsdk_face_tracking.h">
      <Filter>Header Files</Filter>
    </ClInclude>
    <ClInclude Include="arcsoft_fsdk_gender_estimation.h">
      <Filter>Header Files</Filter>
    </ClInclude>
    <ClInclude Include="asvloffscreen.h">
      <Filter>Header Files</Filter>
    </ClInclude>
    <ClInclude Include="fdengine.h">
      <Filter>Header Files</Filter>
    </ClInclude>
    <ClInclude Include="frengine.h">
      <Filter>Header Files</Filter>
    </ClInclude>
    <ClInclude Include="ftengine.h">
      <Filter>Header Files</Filter>
    </ClInclude>
    <QtMoc Include="mainwindow.h">
      <Filter>Header Files</Filter>
    </QtMoc>
    <ClInclude Include="merror.h">
      <Filter>Header Files</Filter>
    </ClInclude>
    <ClInclude Include="miscellaneous.h">
      <Filter>Header Files</Filter>
    </ClInclude>
  </ItemGroup>
  <ItemGroup>
    
    
    
    
    <CustomBuild Include="debug\moc_predefs.h.cbt">
      <Filter>Generated Files</Filter>
    </CustomBuild>
    <CustomBuild Include="release\moc_predefs.h.cbt">
      <Filter>Generated Files</Filter>
    </CustomBuild>
    <ClInclude Include="ui_mainwindow.h">
      <Filter>Generated Files</Filter>
    </ClInclude>
  </ItemGroup>
  <ItemGroup>
    <QtUic Include="mainwindow.ui">
      <Filter>Form Files</Filter>
    </QtUic>
  </ItemGroup>
</Project>